// !$*UTF8*$!
{
	archiveVersion = 1;
	classes = {
	};
	objectVersion = 77;
	objects = {

/* Begin PBXContainerItemProxy section */
		F8D226422E4989960058770C /* PBXContainerItemProxy */ = {
			isa = PBXContainerItemProxy;
			containerPortal = F8D2262C2E4989940058770C /* Project object */;
			proxyType = 1;
			remoteGlobalIDString = F8D226332E4989940058770C;
			remoteInfo = WorkoutCompanionLLM;
		};
		F8D2264C2E4989960058770C /* PBXContainerItemProxy */ = {
			isa = PBXContainerItemProxy;
			containerPortal = F8D2262C2E4989940058770C /* Project object */;
			proxyType = 1;
			remoteGlobalIDString = F8D226332E4989940058770C;
			remoteInfo = WorkoutCompanionLLM;
		};
/* End PBXContainerItemProxy section */

/* Begin PBXFileReference section */
		F8D226342E4989940058770C /* WorkoutCompanionLLM.app */ = {isa = PBXFileReference; explicitFileType = wrapper.application; includeInIndex = 0; path = WorkoutCompanionLLM.app; sourceTree = BUILT_PRODUCTS_DIR; };
		F8D226412E4989960058770C /* WorkoutCompanionLLMTests.xctest */ = {isa = PBXFileReference; explicitFileType = wrapper.cfbundle; includeInIndex = 0; path = WorkoutCompanionLLMTests.xctest; sourceTree = BUILT_PRODUCTS_DIR; };
		F8D2264B2E4989960058770C /* WorkoutCompanionLLMUITests.xctest */ = {isa = PBXFileReference; explicitFileType = wrapper.cfbundle; includeInIndex = 0; path = WorkoutCompanionLLMUITests.xctest; sourceTree = BUILT_PRODUCTS_DIR; };
/* End PBXFileReference section */

/* Begin PBXFileSystemSynchronizedBuildFileExceptionSet section */
		F8D226692E498A1A0058770C /* Exceptions for "WorkoutCompanionLLM" folder in "WorkoutCompanionLLM" target */ = {
			isa = PBXFileSystemSynchronizedBuildFileExceptionSet;
			membershipExceptions = (
				Info.plist,
			);
			target = F8D226332E4989940058770C /* WorkoutCompanionLLM */;
		};
/* End PBXFileSystemSynchronizedBuildFileExceptionSet section */

/* Begin PBXFileSystemSynchronizedRootGroup section */
		F8D226362E4989940058770C /* WorkoutCompanionLLM */ = {
			isa = PBXFileSystemSynchronizedRootGroup;
			exceptions = (
				F8D226692E498A1A0058770C /* Exceptions for "WorkoutCompanionLLM" folder in "WorkoutCompanionLLM" target */,
			);
			path = WorkoutCompanionLLM;
			sourceTree = "<group>";
		};
		F8D226442E4989960058770C /* WorkoutCompanionLLMTests */ = {
			isa = PBXFileSystemSynchronizedRootGroup;
			path = WorkoutCompanionLLMTests;
			sourceTree = "<group>";
		};
		F8D2264E2E4989960058770C /* WorkoutCompanionLLMUITests */ = {
			isa = PBXFileSystemSynchronizedRootGroup;
			path = WorkoutCompanionLLMUITests;
			sourceTree = "<group>";
		};
/* End PBXFileSystemSynchronizedRootGroup section */

/* Begin PBXFrameworksBuildPhase section */
		F8D226312E4989940058770C /* Frameworks */ = {
			isa = PBXFrameworksBuildPhase;
			buildActionMask = 2147483647;
			files = (
			);
			runOnlyForDeploymentPostprocessing = 0;
		};
		F8D2263E2E4989960058770C /* Frameworks */ = {
			isa = PBXFrameworksBuildPhase;
			buildActionMask = 2147483647;
			files = (
			);
			runOnlyForDeploymentPostprocessing = 0;
		};
		F8D226482E4989960058770C /* Frameworks */ = {
			isa = PBXFrameworksBuildPhase;
			buildActionMask = 2147483647;
			files = (
			);
			runOnlyForDeploymentPostprocessing = 0;
		};
/* End PBXFrameworksBuildPhase section */

/* Begin PBXGroup section */
		F8D2262B2E4989940058770C = {
			isa = PBXGroup;
			children = (
				F8D226362E4989940058770C /* WorkoutCompanionLLM */,
				F8D226442E4989960058770C /* WorkoutCompanionLLMTests */,
				F8D2264E2E4989960058770C /* WorkoutCompanionLLMUITests */,
				F8D226352E4989940058770C /* Products */,
			);
			sourceTree = "<group>";
		};
		F8D226352E4989940058770C /* Products */ = {
			isa = PBXGroup;
			children = (
				F8D226342E4989940058770C /* WorkoutCompanionLLM.app */,
				F8D226412E4989960058770C /* WorkoutCompanionLLMTests.xctest */,
				F8D2264B2E4989960058770C /* WorkoutCompanionLLMUITests.xctest */,
			);
			name = Products;
			sourceTree = "<group>";
		};
/* End PBXGroup section */

/* Begin PBXNativeTarget section */
		F8D226332E4989940058770C /* WorkoutCompanionLLM */ = {
			isa = PBXNativeTarget;
			buildConfigurationList = F8D226552E4989960058770C /* Build configuration list for PBXNativeTarget "WorkoutCompanionLLM" */;
			buildPhases = (
				F8D226302E4989940058770C /* Sources */,
				F8D226312E4989940058770C /* Frameworks */,
				F8D226322E4989940058770C /* Resources */,
			);
			buildRules = (
			);
			dependencies = (
			);
			fileSystemSynchronizedGroups = (
				F8D226362E4989940058770C /* WorkoutCompanionLLM */,
			);
			name = WorkoutCompanionLLM;
			packageProductDependencies = (
			);
			productName = WorkoutCompanionLLM;
			productReference = F8D226342E4989940058770C /* WorkoutCompanionLLM.app */;
			productType = "com.apple.product-type.application";
		};
		F8D226402E4989960058770C /* WorkoutCompanionLLMTests */ = {
			isa = PBXNativeTarget;
			buildConfigurationList = F8D226582E4989960058770C /* Build configuration list for PBXNativeTarget "WorkoutCompanionLLMTests" */;
			buildPhases = (
				F8D2263D2E4989960058770C /* Sources */,
				F8D2263E2E4989960058770C /* Frameworks */,
				F8D2263F2E4989960058770C /* Resources */,
			);
			buildRules = (
			);
			dependencies = (
				F8D226432E4989960058770C /* PBXTargetDependency */,
			);
			fileSystemSynchronizedGroups = (
				F8D226442E4989960058770C /* WorkoutCompanionLLMTests */,
			);
			name = WorkoutCompanionLLMTests;
			packageProductDependencies = (
			);
			productName = WorkoutCompanionLLMTests;
			productReference = F8D226412E4989960058770C /* WorkoutCompanionLLMTests.xctest */;
			productType = "com.apple.product-type.bundle.unit-test";
		};
		F8D2264A2E4989960058770C /* WorkoutCompanionLLMUITests */ = {
			isa = PBXNativeTarget;
			buildConfigurationList = F8D2265B2E4989960058770C /* Build configuration list for PBXNativeTarget "WorkoutCompanionLLMUITests" */;
			buildPhases = (
				F8D226472E4989960058770C /* Sources */,
				F8D226482E4989960058770C /* Frameworks */,
				F8D226492E4989960058770C /* Resources */,
			);
			buildRules = (
			);
			dependencies = (
				F8D2264D2E4989960058770C /* PBXTargetDependency */,
			);
			fileSystemSynchronizedGroups = (
				F8D2264E2E4989960058770C /* WorkoutCompanionLLMUITests */,
			);
			name = WorkoutCompanionLLMUITests;
			packageProductDependencies = (
			);
			productName = WorkoutCompanionLLMUITests;
			productReference = F8D2264B2E4989960058770C /* WorkoutCompanionLLMUITests.xctest */;
			productType = "com.apple.product-type.bundle.ui-testing";
		};
/* End PBXNativeTarget section */

/* Begin PBXProject section */
		F8D2262C2E4989940058770C /* Project object */ = {
			isa = PBXProject;
			attributes = {
				BuildIndependentTargetsInParallel = 1;
				LastSwiftUpdateCheck = 1640;
				LastUpgradeCheck = 1640;
				TargetAttributes = {
					F8D226332E4989940058770C = {
						CreatedOnToolsVersion = 16.4;
					};
					F8D226402E4989960058770C = {
						CreatedOnToolsVersion = 16.4;
						TestTargetID = F8D226332E4989940058770C;
					};
					F8D2264A2E4989960058770C = {
						CreatedOnToolsVersion = 16.4;
						TestTargetID = F8D226332E4989940058770C;
					};
				};
			};
			buildConfigurationList = F8D2262F2E4989940058770C /* Build configuration list for PBXProject "WorkoutCompanionLLM" */;
			developmentRegion = en;
			hasScannedForEncodings = 0;
			knownRegions = (
				en,
				Base,
			);
			mainGroup = F8D2262B2E4989940058770C;
			minimizedProjectReferenceProxies = 1;
			preferredProjectObjectVersion = 77;
			productRefGroup = F8D226352E4989940058770C /* Products */;
			projectDirPath = "";
			projectRoot = "";
			targets = (
				F8D226332E4989940058770C /* WorkoutCompanionLLM */,
				F8D226402E4989960058770C /* WorkoutCompanionLLMTests */,
				F8D2264A2E4989960058770C /* WorkoutCompanionLLMUITests */,
			);
		};
/* End PBXProject section */

/* Begin PBXResourcesBuildPhase section */
		F8D226322E4989940058770C /* Resources */ = {
			isa = PBXResourcesBuildPhase;
			buildActionMask = 2147483647;
			files = (
			);
			runOnlyForDeploymentPostprocessing = 0;
		};
		F8D2263F2E4989960058770C /* Resources */ = {
			isa = PBXResourcesBuildPhase;
			buildActionMask = 2147483647;
			files = (
			);
			runOnlyForDeploymentPostprocessing = 0;
		};
		F8D226492E4989960058770C /* Resources */ = {
			isa = PBXResourcesBuildPhase;
			buildActionMask = 2147483647;
			files = (
			);
			runOnlyForDeploymentPostprocessing = 0;
		};
/* End PBXResourcesBuildPhase section */

/* Begin PBXSourcesBuildPhase section */
		F8D226302E4989940058770C /* Sources */ = {
			isa = PBXSourcesBuildPhase;
			buildActionMask = 2147483647;
			files = (
			);
			runOnlyForDeploymentPostprocessing = 0;
		};
		F8D2263D2E4989960058770C /* Sources */ = {
			isa = PBXSourcesBuildPhase;
			buildActionMask = 2147483647;
			files = (
			);
			runOnlyForDeploymentPostprocessing = 0;
		};
		F8D226472E4989960058770C /* Sources */ = {
			isa = PBXSourcesBuildPhase;
			buildActionMask = 2147483647;
			files = (
			);
			runOnlyForDeploymentPostprocessing = 0;
		};
/* End PBXSourcesBuildPhase section */

/* Begin PBXTargetDependency section */
		F8D226432E4989960058770C /* PBXTargetDependency */ = {
			isa = PBXTargetDependency;
			target = F8D226332E4989940058770C /* WorkoutCompanionLLM */;
			targetProxy = F8D226422E4989960058770C /* PBXContainerItemProxy */;
		};
		F8D2264D2E4989960058770C /* PBXTargetDependency */ = {
			isa = PBXTargetDependency;
			target = F8D226332E4989940058770C /* WorkoutCompanionLLM */;
			targetProxy = F8D2264C2E4989960058770C /* PBXContainerItemProxy */;
		};
/* End PBXTargetDependency section */

/* Begin XCBuildConfiguration section */
		F8D226532E4989960058770C /* Debug */ = {
			isa = XCBuildConfiguration;
			buildSettings = {
				ALWAYS_SEARCH_USER_PATHS = NO;
				ASSETCATALOG_COMPILER_GENERATE_SWIFT_ASSET_SYMBOL_EXTENSIONS = YES;
				CLANG_ANALYZER_NONNULL = YES;
				CLANG_ANALYZER_NUMBER_OBJECT_CONVERSION = YES_AGGRESSIVE;
				CLANG_CXX_LANGUAGE_STANDARD = "gnu++20";
				CLANG_ENABLE_MODULES = YES;
				CLANG_ENABLE_OBJC_ARC = YES;
				CLANG_ENABLE_OBJC_WEAK = YES;
				CLANG_WARN_BLOCK_CAPTURE_AUTORELEASING = YES;
				CLANG_WARN_BOOL_CONVERSION = YES;
				CLANG_WARN_COMMA = YES;
				CLANG_WARN_CONSTANT_CONVERSION = YES;
				CLANG_WARN_DEPRECATED_OBJC_IMPLEMENTATIONS = YES;
				CLANG_WARN_DIRECT_OBJC_ISA_USAGE = YES_ERROR;
				CLANG_WARN_DOCUMENTATION_COMMENTS = YES;
				CLANG_WARN_EMPTY_BODY = YES;
				CLANG_WARN_ENUM_CONVERSION = YES;
				CLANG_WARN_INFINITE_RECURSION = YES;
				CLANG_WARN_INT_CONVERSION = YES;
				CLANG_WARN_NON_LITERAL_NULL_CONVERSION = YES;
				CLANG_WARN_OBJC_IMPLICIT_RETAIN_SELF = YES;
				CLANG_WARN_OBJC_LITERAL_CONVERSION = YES;
				CLANG_WARN_OBJC_ROOT_CLASS = YES_ERROR;
				CLANG_WARN_QUOTED_INCLUDE_IN_FRAMEWORK_HEADER = YES;
				CLANG_WARN_RANGE_LOOP_ANALYSIS = YES;
				CLANG_WARN_STRICT_PROTOTYPES = YES;
				CLANG_WARN_SUSPICIOUS_MOVE = YES;
				CLANG_WARN_UNGUARDED_AVAILABILITY = YES_AGGRESSIVE;
				CLANG_WARN_UNREACHABLE_CODE = YES;
				CLANG_WARN__DUPLICATE_METHOD_MATCH = YES;
				COPY_PHASE_STRIP = NO;
				DEBUG_INFORMATION_FORMAT = dwarf;
				DEVELOPMENT_TEAM = MSXTD36KGY;
				ENABLE_STRICT_OBJC_MSGSEND = YES;
				ENABLE_TESTABILITY = YES;
				ENABLE_USER_SCRIPT_SANDBOXING = YES;
				GCC_C_LANGUAGE_STANDARD = gnu17;
				GCC_DYNAMIC_NO_PIC = NO;
				GCC_NO_COMMON_BLOCKS = YES;
				GCC_OPTIMIZATION_LEVEL = 0;
				GCC_PREPROCESSOR_DEFINITIONS = (
					"DEBUG=1",
					"$(inherited)",
				);
				GCC_WARN_64_TO_32_BIT_CONVERSION = YES;
				GCC_WARN_ABOUT_RETURN_TYPE = YES_ERROR;
				GCC_WARN_UNDECLARED_SELECTOR = YES;
				GCC_WARN_UNINITIALIZED_AUTOS = YES_AGGRESSIVE;
				GCC_WARN_UNUSED_FUNCTION = YES;
				GCC_WARN_UNUSED_VARIABLE = YES;
				IPHONEOS_DEPLOYMENT_TARGET = 18.5;
				LOCALIZATION_PREFERS_STRING_CATALOGS = YES;
				MTL_ENABLE_DEBUG_INFO = INCLUDE_SOURCE;
				MTL_FAST_MATH = YES;
				ONLY_ACTIVE_ARCH = YES;
				SDKROOT = iphoneos;
				SWIFT_ACTIVE_COMPILATION_CONDITIONS = "DEBUG $(inherited)";
				SWIFT_OPTIMIZATION_LEVEL = "-Onone";
			};
			name = Debug;
		};
		F8D226542E4989960058770C /* Release */ = {
			isa = XCBuildConfiguration;
			buildSettings = {
				ALWAYS_SEARCH_USER_PATHS = NO;
				ASSETCATALOG_COMPILER_GENERATE_SWIFT_ASSET_SYMBOL_EXTENSIONS = YES;
				CLANG_ANALYZER_NONNULL = YES;
				CLANG_ANALYZER_NUMBER_OBJECT_CONVERSION = YES_AGGRESSIVE;
				CLANG_CXX_LANGUAGE_STANDARD = "gnu++20";
				CLANG_ENABLE_MODULES = YES;
				CLANG_ENABLE_OBJC_ARC = YES;
				CLANG_ENABLE_OBJC_WEAK = YES;
				CLANG_WARN_BLOCK_CAPTURE_AUTORELEASING = YES;
				CLANG_WARN_BOOL_CONVERSION = YES;
				CLANG_WARN_COMMA = YES;
				CLANG_WARN_CONSTANT_CONVERSION = YES;
				CLANG_WARN_DEPRECATED_OBJC_IMPLEMENTATIONS = YES;
				CLANG_WARN_DIRECT_OBJC_ISA_USAGE = YES_ERROR;
				CLANG_WARN_DOCUMENTATION_COMMENTS = YES;
				CLANG_WARN_EMPTY_BODY = YES;
				CLANG_WARN_ENUM_CONVERSION = YES;
				CLANG_WARN_INFINITE_RECURSION = YES;
				CLANG_WARN_INT_CONVERSION = YES;
				CLANG_WARN_NON_LITERAL_NULL_CONVERSION = YES;
				CLANG_WARN_OBJC_IMPLICIT_RETAIN_SELF = YES;
				CLANG_WARN_OBJC_LITERAL_CONVERSION = YES;
				CLANG_WARN_OBJC_ROOT_CLASS = YES_ERROR;
				CLANG_WARN_QUOTED_INCLUDE_IN_FRAMEWORK_HEADER = YES;
				CLANG_WARN_RANGE_LOOP_ANALYSIS = YES;
				CLANG_WARN_STRICT_PROTOTYPES = YES;
				CLANG_WARN_SUSPICIOUS_MOVE = YES;
				CLANG_WARN_UNGUARDED_AVAILABILITY = YES_AGGRESSIVE;
				CLANG_WARN_UNREACHABLE_CODE = YES;
				CLANG_WARN__DUPLICATE_METHOD_MATCH = YES;
				COPY_PHASE_STRIP = NO;
				DEBUG_INFORMATION_FORMAT = "dwarf-with-dsym";
				DEVELOPMENT_TEAM = MSXTD36KGY;
				ENABLE_NS_ASSERTIONS = NO;
				ENABLE_STRICT_OBJC_MSGSEND = YES;
				ENABLE_USER_SCRIPT_SANDBOXING = YES;
				GCC_C_LANGUAGE_STANDARD = gnu17;
				GCC_NO_COMMON_BLOCKS = YES;
				GCC_WARN_64_TO_32_BIT_CONVERSION = YES;
				GCC_WARN_ABOUT_RETURN_TYPE = YES_ERROR;
				GCC_WARN_UNDECLARED_SELECTOR = YES;
				GCC_WARN_UNINITIALIZED_AUTOS = YES_AGGRESSIVE;
				GCC_WARN_UNUSED_FUNCTION = YES;
				GCC_WARN_UNUSED_VARIABLE = YES;
				IPHONEOS_DEPLOYMENT_TARGET = 18.5;
				LOCALIZATION_PREFERS_STRING_CATALOGS = YES;
				MTL_ENABLE_DEBUG_INFO = NO;
				MTL_FAST_MATH = YES;
				SDKROOT = iphoneos;
				SWIFT_COMPILATION_MODE = wholemodule;
				VALIDATE_PRODUCT = YES;
			};
			name = Release;
		};
		F8D226562E4989960058770C /* Debug */ = {
			isa = XCBuildConfiguration;
			buildSettings = {
				ASSETCATALOG_COMPILER_APPICON_NAME = AppIcon;
				ASSETCATALOG_COMPILER_GLOBAL_ACCENT_COLOR_NAME = AccentColor;
				CODE_SIGN_STYLE = Automatic;
				CURRENT_PROJECT_VERSION = 1;
				DEVELOPMENT_TEAM = MSXTD36KGY;
				ENABLE_PREVIEWS = YES;
				GENERATE_INFOPLIST_FILE = YES;
				INFOPLIST_FILE = WorkoutCompanionLLM/Info.plist;
				INFOPLIST_KEY_NSLocationAlwaysAndWhenInUseUsageDescription = "";
				INFOPLIST_KEY_NSLocationWhenInUseUsageDescription = "";
				INFOPLIST_KEY_UIApplicationSceneManifest_Generation = YES;
				INFOPLIST_KEY_UIApplicationSupportsIndirectInputEvents = YES;
				INFOPLIST_KEY_UILaunchScreen_Generation = YES;
				INFOPLIST_KEY_UISupportedInterfaceOrientations_iPad = "UIInterfaceOrientationPortrait UIInterfaceOrientationPortraitUpsideDown UIInterfaceOrientationLandscapeLeft UIInterfaceOrientationLandscapeRight";
				INFOPLIST_KEY_UISupportedInterfaceOrientations_iPhone = "UIInterfaceOrientationPortrait UIInterfaceOrientationLandscapeLeft UIInterfaceOrientationLandscapeRight";
				LD_RUNPATH_SEARCH_PATHS = (
					"$(inherited)",
					"@executable_path/Frameworks",
				);
				MARKETING_VERSION = 1.0;
				PRODUCT_BUNDLE_IDENTIFIER = com.xiningwang.WorkoutCompanionLLM;
				PRODUCT_NAME = "$(TARGET_NAME)";
				SWIFT_EMIT_LOC_STRINGS = YES;
				SWIFT_VERSION = 5.0;
				TARGETED_DEVICE_FAMILY = "1,2";
			};
			name = Debug;
		};
		F8D226572E4989960058770C /* Release */ = {
			isa = XCBuildConfiguration;
			buildSettings = {
				ASSETCATALOG_COMPILER_APPICON_NAME = AppIcon;
				ASSETCATALOG_COMPILER_GLOBAL_ACCENT_COLOR_NAME = AccentColor;
				CODE_SIGN_STYLE = Automatic;
				CURRENT_PROJECT_VERSION = 1;
				DEVELOPMENT_TEAM = MSXTD36KGY;
				ENABLE_PREVIEWS = YES;
				GENERATE_INFOPLIST_FILE = YES;
				INFOPLIST_FILE = WorkoutCompanionLLM/Info.plist;
				INFOPLIST_KEY_NSLocationAlwaysAndWhenInUseUsageDescription = "";
				INFOPLIST_KEY_NSLocationWhenInUseUsageDescription = "";
				INFOPLIST_KEY_UIApplicationSceneManifest_Generation = YES;
				INFOPLIST_KEY_UIApplicationSupportsIndirectInputEvents = YES;
				INFOPLIST_KEY_UILaunchScreen_Generation = YES;
				INFOPLIST_KEY_UISupportedInterfaceOrientations_iPad = "UIInterfaceOrientationPortrait UIInterfaceOrientationPortraitUpsideDown UIInterfaceOrientationLandscapeLeft UIInterfaceOrientationLandscapeRight";
				INFOPLIST_KEY_UISupportedInterfaceOrientations_iPhone = "UIInterfaceOrientationPortrait UIInterfaceOrientationLandscapeLeft UIInterfaceOrientationLandscapeRight";
				LD_RUNPATH_SEARCH_PATHS = (
					"$(inherited)",
					"@executable_path/Frameworks",
				);
				MARKETING_VERSION = 1.0;
				PRODUCT_BUNDLE_IDENTIFIER = com.xiningwang.WorkoutCompanionLLM;
				PRODUCT_NAME = "$(TARGET_NAME)";
				SWIFT_EMIT_LOC_STRINGS = YES;
				SWIFT_VERSION = 5.0;
				TARGETED_DEVICE_FAMILY = "1,2";
			};
			name = Release;
		};
		F8D226592E4989960058770C /* Debug */ = {
			isa = XCBuildConfiguration;
			buildSettings = {
				BUNDLE_LOADER = "$(TEST_HOST)";
				CODE_SIGN_STYLE = Automatic;
				CURRENT_PROJECT_VERSION = 1;
				DEVELOPMENT_TEAM = MSXTD36KGY;
				GENERATE_INFOPLIST_FILE = YES;
				IPHONEOS_DEPLOYMENT_TARGET = 18.5;
				MARKETING_VERSION = 1.0;
				PRODUCT_BUNDLE_IDENTIFIER = com.xiningwang.WorkoutCompanionLLMTests;
				PRODUCT_NAME = "$(TARGET_NAME)";
				SWIFT_EMIT_LOC_STRINGS = NO;
				SWIFT_VERSION = 5.0;
				TARGETED_DEVICE_FAMILY = "1,2";
				TEST_HOST = "$(BUILT_PRODUCTS_DIR)/WorkoutCompanionLLM.app/$(BUNDLE_EXECUTABLE_FOLDER_PATH)/WorkoutCompanionLLM";
			};
			name = Debug;
		};
		F8D2265A2E4989960058770C /* Release */ = {
			isa = XCBuildConfiguration;
			buildSettings = {
				BUNDLE_LOADER = "$(TEST_HOST)";
				CODE_SIGN_STYLE = Automatic;
				CURRENT_PROJECT_VERSION = 1;
				DEVELOPMENT_TEAM = MSXTD36KGY;
				GENERATE_INFOPLIST_FILE = YES;
				IPHONEOS_DEPLOYMENT_TARGET = 18.5;
				MARKETING_VERSION = 1.0;
				PRODUCT_BUNDLE_IDENTIFIER = com.xiningwang.WorkoutCompanionLLMTests;
				PRODUCT_NAME = "$(TARGET_NAME)";
				SWIFT_EMIT_LOC_STRINGS = NO;
				SWIFT_VERSION = 5.0;
				TARGETED_DEVICE_FAMILY = "1,2";
				TEST_HOST = "$(BUILT_PRODUCTS_DIR)/WorkoutCompanionLLM.app/$(BUNDLE_EXECUTABLE_FOLDER_PATH)/WorkoutCompanionLLM";
			};
			name = Release;
		};
		F8D2265C2E4989960058770C /* Debug */ = {
			isa = XCBuildConfiguration;
			buildSettings = {
				CODE_SIGN_STYLE = Automatic;
				CURRENT_PROJECT_VERSION = 1;
				DEVELOPMENT_TEAM = MSXTD36KGY;
				GENERATE_INFOPLIST_FILE = YES;
				MARKETING_VERSION = 1.0;
				PRODUCT_BUNDLE_IDENTIFIER = com.xiningwang.WorkoutCompanionLLMUITests;
				PRODUCT_NAME = "$(TARGET_NAME)";
				SWIFT_EMIT_LOC_STRINGS = NO;
				SWIFT_VERSION = 5.0;
				TARGETED_DEVICE_FAMILY = "1,2";
				TEST_TARGET_NAME = WorkoutCompanionLLM;
			};
			name = Debug;
		};
		F8D2265D2E4989960058770C /* Release */ = {
			isa = XCBuildConfiguration;
			buildSettings = {
				CODE_SIGN_STYLE = Automatic;
				CURRENT_PROJECT_VERSION = 1;
				DEVELOPMENT_TEAM = MSXTD36KGY;
				GENERATE_INFOPLIST_FILE = YES;
				MARKETING_VERSION = 1.0;
				PRODUCT_BUNDLE_IDENTIFIER = com.xiningwang.WorkoutCompanionLLMUITests;
				PRODUCT_NAME = "$(TARGET_NAME)";
				SWIFT_EMIT_LOC_STRINGS = NO;
				SWIFT_VERSION = 5.0;
				TARGETED_DEVICE_FAMILY = "1,2";
				TEST_TARGET_NAME = WorkoutCompanionLLM;
			};
			name = Release;
		};
/* End XCBuildConfiguration section */

/* Begin XCConfigurationList section */
		F8D2262F2E4989940058770C /* Build configuration list for PBXProject "WorkoutCompanionLLM" */ = {
			isa = XCConfigurationList;
			buildConfigurations = (
				F8D226532E4989960058770C /* Debug */,
				F8D226542E4989960058770C /* Release */,
			);
			defaultConfigurationIsVisible = 0;
			defaultConfigurationName = Release;
		};
		F8D226552E4989960058770C /* Build configuration list for PBXNativeTarget "WorkoutCompanionLLM" */ = {
			isa = XCConfigurationList;
			buildConfigurations = (
				F8D226562E4989960058770C /* Debug */,
				F8D226572E4989960058770C /* Release */,
			);
			defaultConfigurationIsVisible = 0;
			defaultConfigurationName = Release;
		};
		F8D226582E4989960058770C /* Build configuration list for PBXNativeTarget "WorkoutCompanionLLMTests" */ = {
			isa = XCConfigurationList;
			buildConfigurations = (
				F8D226592E4989960058770C /* Debug */,
				F8D2265A2E4989960058770C /* Release */,
			);
			defaultConfigurationIsVisible = 0;
			defaultConfigurationName = Release;
		};
		F8D2265B2E4989960058770C /* Build configuration list for PBXNativeTarget "WorkoutCompanionLLMUITests" */ = {
			isa = XCConfigurationList;
			buildConfigurations = (
				F8D2265C2E4989960058770C /* Debug */,
				F8D2265D2E4989960058770C /* Release */,
			);
			defaultConfigurationIsVisible = 0;
			defaultConfigurationName = Release;
		};
/* End XCConfigurationList section */
	};
	rootObject = F8D2262C2E4989940058770C /* Project object */;
}
