{
  "originHash" : "13f7579c217d540e3b4e09716e45fd676a14b82e3749b7b19a3c3afed3dc393c",
  "pins" : [
    {
      "identity" : "llm.swift",
      "kind" : "remoteSourceControl",
      "location" : "https://github.com/eastriverlee/LLM.swift",
      "state" : {
        "revision" : "4c4e909ac4758c628c9cd263a0c25b6edff5526d",
        "version" : "2.0.1"
      }
    },
    {
      "identity" : "swift-syntax",
      "kind" : "remoteSourceControl",
      "location" : "https://github.com/apple/swift-syntax.git",
      "state" : {
        "revision" : "fd6373fad9cf3b3bc4e3c06d92f0cfd60007fa8e",
        "version" : "602.0.0-prerelease-2025-06-26"
      }
    }
  ],
  "version" : 3
}
